// !$*UTF8*$!
{
	archiveVersion = 1;
	classes = {
	};
	objectVersion = 56;
	objects = {

/* Begin PBXBuildFile section */
		B90895BA2C98D088006E5E23 /* ProgressHUD in Frameworks */ = {isa = PBXBuildFile; productRef = B90895B92C98D088006E5E23 /* ProgressHUD */; };
		B91392C62C87CAB700FB99FB /* OAuth2Service.swift in Sources */ = {isa = PBXBuildFile; fileRef = B91392C52C87CAB700FB99FB /* OAuth2Service.swift */; };
		B91392CA2C87DE9900FB99FB /* URLSession+data.swift in Sources */ = {isa = PBXBuildFile; fileRef = B91392C92C87DE9800FB99FB /* URLSession+data.swift */; };
		B9145AD12C64149800975804 /* ImagesListCell.swift in Sources */ = {isa = PBXBuildFile; fileRef = B9145AD02C64149800975804 /* ImagesListCell.swift */; };
		B92A7E162C7215E700E4C8EA /* SingleImageViewController.swift in Sources */ = {isa = PBXBuildFile; fileRef = B92A7E152C7215E700E4C8EA /* SingleImageViewController.swift */; };
		B92D67282C8101E2007C44E9 /* Constants.swift in Sources */ = {isa = PBXBuildFile; fileRef = B92D67272C8101E2007C44E9 /* Constants.swift */; };
		B92D672B2C827354007C44E9 /* AuthViewController.swift in Sources */ = {isa = PBXBuildFile; fileRef = B92D672A2C827354007C44E9 /* AuthViewController.swift */; };
		B92D672E2C827A56007C44E9 /* WebViewViewController.swift in Sources */ = {isa = PBXBuildFile; fileRef = B92D672D2C827A56007C44E9 /* WebViewViewController.swift */; };
		B93B6A0B2C9F71FA00E4EF86 /* UIBlockingProgressHUD.swift in Sources */ = {isa = PBXBuildFile; fileRef = B93B6A0A2C9F71FA00E4EF86 /* UIBlockingProgressHUD.swift */; };
		B93B6A0D2CA063E300E4EF86 /* ProfileService.swift in Sources */ = {isa = PBXBuildFile; fileRef = B93B6A0C2CA063E300E4EF86 /* ProfileService.swift */; };
		B94136AF2C6E5A69008E3FE5 /* ProfileViewController.swift in Sources */ = {isa = PBXBuildFile; fileRef = B94136AE2C6E5A69008E3FE5 /* ProfileViewController.swift */; };
		B942FB3A2C88B8F60085ACC4 /* OAuth2TokenStorage.swift in Sources */ = {isa = PBXBuildFile; fileRef = B942FB392C88B8F60085ACC4 /* OAuth2TokenStorage.swift */; };
		B97847E22C7A81B40053E812 /* SF-Pro.ttf in Resources */ = {isa = PBXBuildFile; fileRef = B97847E02C7A81B40053E812 /* SF-Pro.ttf */; };
		B97847E42C7A831D0053E812 /* SF-Pro-Italic.ttf in Resources */ = {isa = PBXBuildFile; fileRef = B97847E12C7A81B40053E812 /* SF-Pro-Italic.ttf */; };
		B97847E62C7A83550053E812 /* SF-Pro-Text-Bold.otf in Resources */ = {isa = PBXBuildFile; fileRef = B97847E52C7A83540053E812 /* SF-Pro-Text-Bold.otf */; };
		B97D8F0A2C848C7500C60E81 /* WebViewViewControllerDelegate.swift in Sources */ = {isa = PBXBuildFile; fileRef = B97D8F092C848C7500C60E81 /* WebViewViewControllerDelegate.swift */; };
		B987E7492CA84FC500CC6BD8 /* Kingfisher in Frameworks */ = {isa = PBXBuildFile; productRef = B987E7482CA84FC500CC6BD8 /* Kingfisher */; };
		B987E74C2CA86AB100CC6BD8 /* SwiftKeychainWrapper in Frameworks */ = {isa = PBXBuildFile; productRef = B987E74B2CA86AB100CC6BD8 /* SwiftKeychainWrapper */; };
		B987E7502CA8916B00CC6BD8 /* TabBarController.swift in Sources */ = {isa = PBXBuildFile; fileRef = B987E74F2CA8916B00CC6BD8 /* TabBarController.swift */; };
		B9C4568F2CB32266002D314E /* ImagesListService.swift in Sources */ = {isa = PBXBuildFile; fileRef = B9C4568E2CB32265002D314E /* ImagesListService.swift */; };
		B9D623152C8A638200B9CDDE /* SplashViewController.swift in Sources */ = {isa = PBXBuildFile; fileRef = B9D623142C8A638200B9CDDE /* SplashViewController.swift */; };
		B9D7761D2CA2203800DC23FC /* ProfileImageService.swift in Sources */ = {isa = PBXBuildFile; fileRef = B9D7761C2CA2203800DC23FC /* ProfileImageService.swift */; };
		B9E984AF2C6146CB0001C03A /* AppDelegate.swift in Sources */ = {isa = PBXBuildFile; fileRef = B9E984AE2C6146CB0001C03A /* AppDelegate.swift */; };
		B9E984B12C6146CB0001C03A /* SceneDelegate.swift in Sources */ = {isa = PBXBuildFile; fileRef = B9E984B02C6146CB0001C03A /* SceneDelegate.swift */; };
		B9E984B32C6146CB0001C03A /* ImagesListViewController.swift in Sources */ = {isa = PBXBuildFile; fileRef = B9E984B22C6146CB0001C03A /* ImagesListViewController.swift */; };
		B9E984B62C6146CB0001C03A /* Base in Resources */ = {isa = PBXBuildFile; fileRef = B9E984B52C6146CB0001C03A /* Base */; };
		B9E984B82C6146CC0001C03A /* Assets.xcassets in Resources */ = {isa = PBXBuildFile; fileRef = B9E984B72C6146CC0001C03A /* Assets.xcassets */; };
		B9E984BB2C6146CC0001C03A /* Base in Resources */ = {isa = PBXBuildFile; fileRef = B9E984BA2C6146CC0001C03A /* Base */; };
		B9FB41312C94830600A7F997 /* AuthViewControllerDelegate.swift in Sources */ = {isa = PBXBuildFile; fileRef = B9FB41302C94830600A7F997 /* AuthViewControllerDelegate.swift */; };
/* End PBXBuildFile section */

/* Begin PBXContainerItemProxy section */
		B9AF9E932CB5C8D000B497E0 /* PBXContainerItemProxy */ = {
			isa = PBXContainerItemProxy;
			containerPortal = B9E984A32C6146CB0001C03A /* Project object */;
			proxyType = 1;
			remoteGlobalIDString = B9E984AA2C6146CB0001C03A;
			remoteInfo = ImageFeed;
		};
/* End PBXContainerItemProxy section */

/* Begin PBXFileReference section */
		B91392C52C87CAB700FB99FB /* OAuth2Service.swift */ = {isa = PBXFileReference; lastKnownFileType = sourcecode.swift; path = OAuth2Service.swift; sourceTree = "<group>"; };
		B91392C92C87DE9800FB99FB /* URLSession+data.swift */ = {isa = PBXFileReference; lastKnownFileType = sourcecode.swift; path = "URLSession+data.swift"; sourceTree = "<group>"; };
		B9145AD02C64149800975804 /* ImagesListCell.swift */ = {isa = PBXFileReference; lastKnownFileType = sourcecode.swift; path = ImagesListCell.swift; sourceTree = "<group>"; };
		B92A7E152C7215E700E4C8EA /* SingleImageViewController.swift */ = {isa = PBXFileReference; lastKnownFileType = sourcecode.swift; path = SingleImageViewController.swift; sourceTree = "<group>"; };
		B92D67272C8101E2007C44E9 /* Constants.swift */ = {isa = PBXFileReference; lastKnownFileType = sourcecode.swift; path = Constants.swift; sourceTree = "<group>"; };
		B92D672A2C827354007C44E9 /* AuthViewController.swift */ = {isa = PBXFileReference; lastKnownFileType = sourcecode.swift; path = AuthViewController.swift; sourceTree = "<group>"; };
		B92D672D2C827A56007C44E9 /* WebViewViewController.swift */ = {isa = PBXFileReference; lastKnownFileType = sourcecode.swift; path = WebViewViewController.swift; sourceTree = "<group>"; };
		B93B6A0A2C9F71FA00E4EF86 /* UIBlockingProgressHUD.swift */ = {isa = PBXFileReference; lastKnownFileType = sourcecode.swift; path = UIBlockingProgressHUD.swift; sourceTree = "<group>"; };
		B93B6A0C2CA063E300E4EF86 /* ProfileService.swift */ = {isa = PBXFileReference; lastKnownFileType = sourcecode.swift; path = ProfileService.swift; sourceTree = "<group>"; };
		B94136AE2C6E5A69008E3FE5 /* ProfileViewController.swift */ = {isa = PBXFileReference; lastKnownFileType = sourcecode.swift; path = ProfileViewController.swift; sourceTree = "<group>"; };
		B942FB392C88B8F60085ACC4 /* OAuth2TokenStorage.swift */ = {isa = PBXFileReference; lastKnownFileType = sourcecode.swift; path = OAuth2TokenStorage.swift; sourceTree = "<group>"; };
		B97847E02C7A81B40053E812 /* SF-Pro.ttf */ = {isa = PBXFileReference; lastKnownFileType = file; path = "SF-Pro.ttf"; sourceTree = "<group>"; };
		B97847E12C7A81B40053E812 /* SF-Pro-Italic.ttf */ = {isa = PBXFileReference; lastKnownFileType = file; path = "SF-Pro-Italic.ttf"; sourceTree = "<group>"; };
		B97847E52C7A83540053E812 /* SF-Pro-Text-Bold.otf */ = {isa = PBXFileReference; lastKnownFileType = file; path = "SF-Pro-Text-Bold.otf"; sourceTree = "<group>"; };
		B97D8F092C848C7500C60E81 /* WebViewViewControllerDelegate.swift */ = {isa = PBXFileReference; lastKnownFileType = sourcecode.swift; path = WebViewViewControllerDelegate.swift; sourceTree = "<group>"; };
		B987E74F2CA8916B00CC6BD8 /* TabBarController.swift */ = {isa = PBXFileReference; lastKnownFileType = sourcecode.swift; path = TabBarController.swift; sourceTree = "<group>"; };
		B9AF9E8F2CB5C8D000B497E0 /* ImageFeedTests.xctest */ = {isa = PBXFileReference; explicitFileType = wrapper.cfbundle; includeInIndex = 0; path = ImageFeedTests.xctest; sourceTree = BUILT_PRODUCTS_DIR; };
		B9C4568E2CB32265002D314E /* ImagesListService.swift */ = {isa = PBXFileReference; lastKnownFileType = sourcecode.swift; path = ImagesListService.swift; sourceTree = "<group>"; };
		B9D623142C8A638200B9CDDE /* SplashViewController.swift */ = {isa = PBXFileReference; lastKnownFileType = sourcecode.swift; path = SplashViewController.swift; sourceTree = "<group>"; };
		B9D7761C2CA2203800DC23FC /* ProfileImageService.swift */ = {isa = PBXFileReference; lastKnownFileType = sourcecode.swift; path = ProfileImageService.swift; sourceTree = "<group>"; };
		B9E984AB2C6146CB0001C03A /* ImageFeed.app */ = {isa = PBXFileReference; explicitFileType = wrapper.application; includeInIndex = 0; path = ImageFeed.app; sourceTree = BUILT_PRODUCTS_DIR; };
		B9E984AE2C6146CB0001C03A /* AppDelegate.swift */ = {isa = PBXFileReference; lastKnownFileType = sourcecode.swift; path = AppDelegate.swift; sourceTree = "<group>"; };
		B9E984B02C6146CB0001C03A /* SceneDelegate.swift */ = {isa = PBXFileReference; lastKnownFileType = sourcecode.swift; path = SceneDelegate.swift; sourceTree = "<group>"; };
		B9E984B22C6146CB0001C03A /* ImagesListViewController.swift */ = {isa = PBXFileReference; lastKnownFileType = sourcecode.swift; path = ImagesListViewController.swift; sourceTree = "<group>"; };
		B9E984B52C6146CB0001C03A /* Base */ = {isa = PBXFileReference; lastKnownFileType = file.storyboard; name = Base; path = Base.lproj/Main.storyboard; sourceTree = "<group>"; };
		B9E984B72C6146CC0001C03A /* Assets.xcassets */ = {isa = PBXFileReference; lastKnownFileType = folder.assetcatalog; path = Assets.xcassets; sourceTree = "<group>"; };
		B9E984BA2C6146CC0001C03A /* Base */ = {isa = PBXFileReference; lastKnownFileType = file.storyboard; name = Base; path = Base.lproj/LaunchScreen.storyboard; sourceTree = "<group>"; };
		B9E984BC2C6146CC0001C03A /* Info.plist */ = {isa = PBXFileReference; lastKnownFileType = text.plist.xml; path = Info.plist; sourceTree = "<group>"; };
		B9FB41302C94830600A7F997 /* AuthViewControllerDelegate.swift */ = {isa = PBXFileReference; lastKnownFileType = sourcecode.swift; path = AuthViewControllerDelegate.swift; sourceTree = "<group>"; };
/* End PBXFileReference section */

/* Begin PBXFrameworksBuildPhase section */
		B9AF9E8C2CB5C8D000B497E0 /* Frameworks */ = {
			isa = PBXFrameworksBuildPhase;
			buildActionMask = 2147483647;
			files = (
			);
			runOnlyForDeploymentPostprocessing = 0;
		};
		B9E984A82C6146CB0001C03A /* Frameworks */ = {
			isa = PBXFrameworksBuildPhase;
			buildActionMask = 2147483647;
			files = (
				B987E7492CA84FC500CC6BD8 /* Kingfisher in Frameworks */,
				B90895BA2C98D088006E5E23 /* ProgressHUD in Frameworks */,
				B987E74C2CA86AB100CC6BD8 /* SwiftKeychainWrapper in Frameworks */,
			);
			runOnlyForDeploymentPostprocessing = 0;
		};
/* End PBXFrameworksBuildPhase section */

/* Begin PBXGroup section */
		B9145AD22C6414BC00975804 /* ImagesList */ = {
			isa = PBXGroup;
			children = (
				B9145AD02C64149800975804 /* ImagesListCell.swift */,
				B9E984B22C6146CB0001C03A /* ImagesListViewController.swift */,
				B9C4568E2CB32265002D314E /* ImagesListService.swift */,
			);
			path = ImagesList;
			sourceTree = "<group>";
		};
		B92D67292C81064F007C44E9 /* Profile */ = {
			isa = PBXGroup;
			children = (
				B9D7761C2CA2203800DC23FC /* ProfileImageService.swift */,
				B93B6A0C2CA063E300E4EF86 /* ProfileService.swift */,
				B94136AE2C6E5A69008E3FE5 /* ProfileViewController.swift */,
			);
			path = Profile;
			sourceTree = "<group>";
		};
		B92D672C2C8279A6007C44E9 /* Auth */ = {
			isa = PBXGroup;
			children = (
				B92D672A2C827354007C44E9 /* AuthViewController.swift */,
				B9FB41302C94830600A7F997 /* AuthViewControllerDelegate.swift */,
				B91392C52C87CAB700FB99FB /* OAuth2Service.swift */,
				B942FB392C88B8F60085ACC4 /* OAuth2TokenStorage.swift */,
				B92D672D2C827A56007C44E9 /* WebViewViewController.swift */,
				B97D8F092C848C7500C60E81 /* WebViewViewControllerDelegate.swift */,
				B93B6A0A2C9F71FA00E4EF86 /* UIBlockingProgressHUD.swift */,
			);
			path = Auth;
			sourceTree = "<group>";
		};
		B97847EB2C7A98640053E812 /* Fonts */ = {
			isa = PBXGroup;
			children = (
				B97847E12C7A81B40053E812 /* SF-Pro-Italic.ttf */,
				B97847E02C7A81B40053E812 /* SF-Pro.ttf */,
				B97847E52C7A83540053E812 /* SF-Pro-Text-Bold.otf */,
			);
			path = Fonts;
			sourceTree = "<group>";
		};
		B9E984A22C6146CB0001C03A = {
			isa = PBXGroup;
			children = (
				B9E984AD2C6146CB0001C03A /* ImageFeed */,
				B9E984AC2C6146CB0001C03A /* Products */,
			);
			sourceTree = "<group>";
		};
		B9E984AC2C6146CB0001C03A /* Products */ = {
			isa = PBXGroup;
			children = (
				B9E984AB2C6146CB0001C03A /* ImageFeed.app */,
				B9AF9E8F2CB5C8D000B497E0 /* ImageFeedTests.xctest */,
			);
			name = Products;
			sourceTree = "<group>";
		};
		B9E984AD2C6146CB0001C03A /* ImageFeed */ = {
			isa = PBXGroup;
			children = (
				B92D67272C8101E2007C44E9 /* Constants.swift */,
				B92D672C2C8279A6007C44E9 /* Auth */,
				B97847EB2C7A98640053E812 /* Fonts */,
				B9145AD22C6414BC00975804 /* ImagesList */,
				B92D67292C81064F007C44E9 /* Profile */,
				B92A7E152C7215E700E4C8EA /* SingleImageViewController.swift */,
				B9D623142C8A638200B9CDDE /* SplashViewController.swift */,
				B987E74F2CA8916B00CC6BD8 /* TabBarController.swift */,
				B91392C92C87DE9800FB99FB /* URLSession+data.swift */,
				B9E984AE2C6146CB0001C03A /* AppDelegate.swift */,
				B9E984B02C6146CB0001C03A /* SceneDelegate.swift */,
				B9E984B42C6146CB0001C03A /* Main.storyboard */,
				B9E984B72C6146CC0001C03A /* Assets.xcassets */,
				B9E984B92C6146CC0001C03A /* LaunchScreen.storyboard */,
				B9E984BC2C6146CC0001C03A /* Info.plist */,
			);
			path = ImageFeed;
			sourceTree = "<group>";
		};
/* End PBXGroup section */

/* Begin PBXNativeTarget section */
		B9AF9E8E2CB5C8D000B497E0 /* ImageFeedTests */ = {
			isa = PBXNativeTarget;
			buildConfigurationList = B9AF9E972CB5C8D100B497E0 /* Build configuration list for PBXNativeTarget "ImageFeedTests" */;
			buildPhases = (
				B9AF9E8B2CB5C8D000B497E0 /* Sources */,
				B9AF9E8C2CB5C8D000B497E0 /* Frameworks */,
				B9AF9E8D2CB5C8D000B497E0 /* Resources */,
			);
			buildRules = (
			);
			dependencies = (
				B9AF9E942CB5C8D000B497E0 /* PBXTargetDependency */,
			);
			name = ImageFeedTests;
			packageProductDependencies = (
			);
			productName = ImageFeedTests;
			productReference = B9AF9E8F2CB5C8D000B497E0 /* ImageFeedTests.xctest */;
			productType = "com.apple.product-type.bundle.unit-test";
		};
		B9E984AA2C6146CB0001C03A /* ImageFeed */ = {
			isa = PBXNativeTarget;
			buildConfigurationList = B9E984BF2C6146CC0001C03A /* Build configuration list for PBXNativeTarget "ImageFeed" */;
			buildPhases = (
				B9E984A72C6146CB0001C03A /* Sources */,
				B9E984A82C6146CB0001C03A /* Frameworks */,
				B9E984A92C6146CB0001C03A /* Resources */,
			);
			buildRules = (
			);
			dependencies = (
			);
			name = ImageFeed;
			packageProductDependencies = (
				B90895B92C98D088006E5E23 /* ProgressHUD */,
				B987E7482CA84FC500CC6BD8 /* Kingfisher */,
				B987E74B2CA86AB100CC6BD8 /* SwiftKeychainWrapper */,
			);
			productName = ImageFeed;
			productReference = B9E984AB2C6146CB0001C03A /* ImageFeed.app */;
			productType = "com.apple.product-type.application";
		};
/* End PBXNativeTarget section */

/* Begin PBXProject section */
		B9E984A32C6146CB0001C03A /* Project object */ = {
			isa = PBXProject;
			attributes = {
				BuildIndependentTargetsInParallel = 1;
				LastSwiftUpdateCheck = 1600;
				LastUpgradeCheck = 1540;
				TargetAttributes = {
					B9AF9E8E2CB5C8D000B497E0 = {
						CreatedOnToolsVersion = 16.0;
						TestTargetID = B9E984AA2C6146CB0001C03A;
					};
					B9E984AA2C6146CB0001C03A = {
						CreatedOnToolsVersion = 15.4;
					};
				};
			};
			buildConfigurationList = B9E984A62C6146CB0001C03A /* Build configuration list for PBXProject "ImageFeed" */;
			compatibilityVersion = "Xcode 14.0";
			developmentRegion = en;
			hasScannedForEncodings = 0;
			knownRegions = (
				en,
				Base,
			);
			mainGroup = B9E984A22C6146CB0001C03A;
			packageReferences = (
				B90895B82C98D088006E5E23 /* XCRemoteSwiftPackageReference "ProgressHUD" */,
				B987E7472CA84FC500CC6BD8 /* XCRemoteSwiftPackageReference "Kingfisher" */,
				B987E74A2CA86AB100CC6BD8 /* XCRemoteSwiftPackageReference "SwiftKeychainWrapper" */,
			);
			productRefGroup = B9E984AC2C6146CB0001C03A /* Products */;
			projectDirPath = "";
			projectRoot = "";
			targets = (
				B9E984AA2C6146CB0001C03A /* ImageFeed */,
				B9AF9E8E2CB5C8D000B497E0 /* ImageFeedTests */,
			);
		};
/* End PBXProject section */

/* Begin PBXResourcesBuildPhase section */
		B9AF9E8D2CB5C8D000B497E0 /* Resources */ = {
			isa = PBXResourcesBuildPhase;
			buildActionMask = 2147483647;
			files = (
			);
			runOnlyForDeploymentPostprocessing = 0;
		};
		B9E984A92C6146CB0001C03A /* Resources */ = {
			isa = PBXResourcesBuildPhase;
			buildActionMask = 2147483647;
			files = (
				B9E984B82C6146CC0001C03A /* Assets.xcassets in Resources */,
				B97847E22C7A81B40053E812 /* SF-Pro.ttf in Resources */,
				B97847E62C7A83550053E812 /* SF-Pro-Text-Bold.otf in Resources */,
				B9E984BB2C6146CC0001C03A /* Base in Resources */,
				B9E984B62C6146CB0001C03A /* Base in Resources */,
				B97847E42C7A831D0053E812 /* SF-Pro-Italic.ttf in Resources */,
			);
			runOnlyForDeploymentPostprocessing = 0;
		};
/* End PBXResourcesBuildPhase section */

/* Begin PBXSourcesBuildPhase section */
		B9AF9E8B2CB5C8D000B497E0 /* Sources */ = {
			isa = PBXSourcesBuildPhase;
			buildActionMask = 2147483647;
			files = (
			);
			runOnlyForDeploymentPostprocessing = 0;
		};
		B9E984A72C6146CB0001C03A /* Sources */ = {
			isa = PBXSourcesBuildPhase;
			buildActionMask = 2147483647;
			files = (
				B9E984B32C6146CB0001C03A /* ImagesListViewController.swift in Sources */,
				B91392CA2C87DE9900FB99FB /* URLSession+data.swift in Sources */,
				B97D8F0A2C848C7500C60E81 /* WebViewViewControllerDelegate.swift in Sources */,
				B9145AD12C64149800975804 /* ImagesListCell.swift in Sources */,
				B94136AF2C6E5A69008E3FE5 /* ProfileViewController.swift in Sources */,
				B9C4568F2CB32266002D314E /* ImagesListService.swift in Sources */,
				B91392C62C87CAB700FB99FB /* OAuth2Service.swift in Sources */,
				B942FB3A2C88B8F60085ACC4 /* OAuth2TokenStorage.swift in Sources */,
				B9E984AF2C6146CB0001C03A /* AppDelegate.swift in Sources */,
				B92D672B2C827354007C44E9 /* AuthViewController.swift in Sources */,
				B9D623152C8A638200B9CDDE /* SplashViewController.swift in Sources */,
				B92D67282C8101E2007C44E9 /* Constants.swift in Sources */,
				B9D7761D2CA2203800DC23FC /* ProfileImageService.swift in Sources */,
				B93B6A0D2CA063E300E4EF86 /* ProfileService.swift in Sources */,
				B92A7E162C7215E700E4C8EA /* SingleImageViewController.swift in Sources */,
				B92D672E2C827A56007C44E9 /* WebViewViewController.swift in Sources */,
				B9E984B12C6146CB0001C03A /* SceneDelegate.swift in Sources */,
				B9FB41312C94830600A7F997 /* AuthViewControllerDelegate.swift in Sources */,
				B987E7502CA8916B00CC6BD8 /* TabBarController.swift in Sources */,
				B93B6A0B2C9F71FA00E4EF86 /* UIBlockingProgressHUD.swift in Sources */,
			);
			runOnlyForDeploymentPostprocessing = 0;
		};
/* End PBXSourcesBuildPhase section */

/* Begin PBXTargetDependency section */
		B9AF9E942CB5C8D000B497E0 /* PBXTargetDependency */ = {
			isa = PBXTargetDependency;
			target = B9E984AA2C6146CB0001C03A /* ImageFeed */;
			targetProxy = B9AF9E932CB5C8D000B497E0 /* PBXContainerItemProxy */;
		};
/* End PBXTargetDependency section */

/* Begin PBXVariantGroup section */
		B9E984B42C6146CB0001C03A /* Main.storyboard */ = {
			isa = PBXVariantGroup;
			children = (
				B9E984B52C6146CB0001C03A /* Base */,
			);
			name = Main.storyboard;
			sourceTree = "<group>";
		};
		B9E984B92C6146CC0001C03A /* LaunchScreen.storyboard */ = {
			isa = PBXVariantGroup;
			children = (
				B9E984BA2C6146CC0001C03A /* Base */,
			);
			name = LaunchScreen.storyboard;
			sourceTree = "<group>";
		};
/* End PBXVariantGroup section */

/* Begin XCBuildConfiguration section */
		B9AF9E952CB5C8D000B497E0 /* Debug */ = {
			isa = XCBuildConfiguration;
			buildSettings = {
				BUNDLE_LOADER = "$(TEST_HOST)";
				CODE_SIGN_STYLE = Automatic;
				CURRENT_PROJECT_VERSION = 1;
				DEVELOPMENT_TEAM = 525NQN8N76;
				GENERATE_INFOPLIST_FILE = YES;
				IPHONEOS_DEPLOYMENT_TARGET = 18.0;
				MARKETING_VERSION = 1.0;
				PRODUCT_BUNDLE_IDENTIFIER = ru.zvonarev.ImageFeedTesting.ImageFeedTests;
				PRODUCT_NAME = "$(TARGET_NAME)";
				SWIFT_EMIT_LOC_STRINGS = NO;
				SWIFT_VERSION = 5.0;
				TARGETED_DEVICE_FAMILY = "1,2";
				TEST_HOST = "$(BUILT_PRODUCTS_DIR)/ImageFeed.app/$(BUNDLE_EXECUTABLE_FOLDER_PATH)/ImageFeed";
			};
			name = Debug;
		};
		B9AF9E962CB5C8D000B497E0 /* Release */ = {
			isa = XCBuildConfiguration;
			buildSettings = {
				BUNDLE_LOADER = "$(TEST_HOST)";
				CODE_SIGN_STYLE = Automatic;
				CURRENT_PROJECT_VERSION = 1;
				DEVELOPMENT_TEAM = 525NQN8N76;
				GENERATE_INFOPLIST_FILE = YES;
				IPHONEOS_DEPLOYMENT_TARGET = 18.0;
				MARKETING_VERSION = 1.0;
				PRODUCT_BUNDLE_IDENTIFIER = ru.zvonarev.ImageFeedTesting.ImageFeedTests;
				PRODUCT_NAME = "$(TARGET_NAME)";
				SWIFT_EMIT_LOC_STRINGS = NO;
				SWIFT_VERSION = 5.0;
				TARGETED_DEVICE_FAMILY = "1,2";
				TEST_HOST = "$(BUILT_PRODUCTS_DIR)/ImageFeed.app/$(BUNDLE_EXECUTABLE_FOLDER_PATH)/ImageFeed";
			};
			name = Release;
		};
		B9E984BD2C6146CC0001C03A /* Debug */ = {
			isa = XCBuildConfiguration;
			buildSettings = {
				ALWAYS_SEARCH_USER_PATHS = NO;
				ASSETCATALOG_COMPILER_GENERATE_SWIFT_ASSET_SYMBOL_EXTENSIONS = YES;
				CLANG_ANALYZER_NONNULL = YES;
				CLANG_ANALYZER_NUMBER_OBJECT_CONVERSION = YES_AGGRESSIVE;
				CLANG_CXX_LANGUAGE_STANDARD = "gnu++20";
				CLANG_ENABLE_MODULES = YES;
				CLANG_ENABLE_OBJC_ARC = YES;
				CLANG_ENABLE_OBJC_WEAK = YES;
				CLANG_WARN_BLOCK_CAPTURE_AUTORELEASING = YES;
				CLANG_WARN_BOOL_CONVERSION = YES;
				CLANG_WARN_COMMA = YES;
				CLANG_WARN_CONSTANT_CONVERSION = YES;
				CLANG_WARN_DEPRECATED_OBJC_IMPLEMENTATIONS = YES;
				CLANG_WARN_DIRECT_OBJC_ISA_USAGE = YES_ERROR;
				CLANG_WARN_DOCUMENTATION_COMMENTS = YES;
				CLANG_WARN_EMPTY_BODY = YES;
				CLANG_WARN_ENUM_CONVERSION = YES;
				CLANG_WARN_INFINITE_RECURSION = YES;
				CLANG_WARN_INT_CONVERSION = YES;
				CLANG_WARN_NON_LITERAL_NULL_CONVERSION = YES;
				CLANG_WARN_OBJC_IMPLICIT_RETAIN_SELF = YES;
				CLANG_WARN_OBJC_LITERAL_CONVERSION = YES;
				CLANG_WARN_OBJC_ROOT_CLASS = YES_ERROR;
				CLANG_WARN_QUOTED_INCLUDE_IN_FRAMEWORK_HEADER = YES;
				CLANG_WARN_RANGE_LOOP_ANALYSIS = YES;
				CLANG_WARN_STRICT_PROTOTYPES = YES;
				CLANG_WARN_SUSPICIOUS_MOVE = YES;
				CLANG_WARN_UNGUARDED_AVAILABILITY = YES_AGGRESSIVE;
				CLANG_WARN_UNREACHABLE_CODE = YES;
				CLANG_WARN__DUPLICATE_METHOD_MATCH = YES;
				COPY_PHASE_STRIP = NO;
				DEBUG_INFORMATION_FORMAT = dwarf;
				ENABLE_STRICT_OBJC_MSGSEND = YES;
				ENABLE_TESTABILITY = YES;
				ENABLE_USER_SCRIPT_SANDBOXING = YES;
				GCC_C_LANGUAGE_STANDARD = gnu17;
				GCC_DYNAMIC_NO_PIC = NO;
				GCC_NO_COMMON_BLOCKS = YES;
				GCC_OPTIMIZATION_LEVEL = 0;
				GCC_PREPROCESSOR_DEFINITIONS = (
					"DEBUG=1",
					"$(inherited)",
				);
				GCC_WARN_64_TO_32_BIT_CONVERSION = YES;
				GCC_WARN_ABOUT_RETURN_TYPE = YES_ERROR;
				GCC_WARN_UNDECLARED_SELECTOR = YES;
				GCC_WARN_UNINITIALIZED_AUTOS = YES_AGGRESSIVE;
				GCC_WARN_UNUSED_FUNCTION = YES;
				GCC_WARN_UNUSED_VARIABLE = YES;
				IPHONEOS_DEPLOYMENT_TARGET = 17.4;
				LOCALIZATION_PREFERS_STRING_CATALOGS = YES;
				MTL_ENABLE_DEBUG_INFO = INCLUDE_SOURCE;
				MTL_FAST_MATH = YES;
				ONLY_ACTIVE_ARCH = YES;
				SDKROOT = iphoneos;
				SWIFT_ACTIVE_COMPILATION_CONDITIONS = "DEBUG $(inherited)";
				SWIFT_OPTIMIZATION_LEVEL = "-Onone";
			};
			name = Debug;
		};
		B9E984BE2C6146CC0001C03A /* Release */ = {
			isa = XCBuildConfiguration;
			buildSettings = {
				ALWAYS_SEARCH_USER_PATHS = NO;
				ASSETCATALOG_COMPILER_GENERATE_SWIFT_ASSET_SYMBOL_EXTENSIONS = YES;
				CLANG_ANALYZER_NONNULL = YES;
				CLANG_ANALYZER_NUMBER_OBJECT_CONVERSION = YES_AGGRESSIVE;
				CLANG_CXX_LANGUAGE_STANDARD = "gnu++20";
				CLANG_ENABLE_MODULES = YES;
				CLANG_ENABLE_OBJC_ARC = YES;
				CLANG_ENABLE_OBJC_WEAK = YES;
				CLANG_WARN_BLOCK_CAPTURE_AUTORELEASING = YES;
				CLANG_WARN_BOOL_CONVERSION = YES;
				CLANG_WARN_COMMA = YES;
				CLANG_WARN_CONSTANT_CONVERSION = YES;
				CLANG_WARN_DEPRECATED_OBJC_IMPLEMENTATIONS = YES;
				CLANG_WARN_DIRECT_OBJC_ISA_USAGE = YES_ERROR;
				CLANG_WARN_DOCUMENTATION_COMMENTS = YES;
				CLANG_WARN_EMPTY_BODY = YES;
				CLANG_WARN_ENUM_CONVERSION = YES;
				CLANG_WARN_INFINITE_RECURSION = YES;
				CLANG_WARN_INT_CONVERSION = YES;
				CLANG_WARN_NON_LITERAL_NULL_CONVERSION = YES;
				CLANG_WARN_OBJC_IMPLICIT_RETAIN_SELF = YES;
				CLANG_WARN_OBJC_LITERAL_CONVERSION = YES;
				CLANG_WARN_OBJC_ROOT_CLASS = YES_ERROR;
				CLANG_WARN_QUOTED_INCLUDE_IN_FRAMEWORK_HEADER = YES;
				CLANG_WARN_RANGE_LOOP_ANALYSIS = YES;
				CLANG_WARN_STRICT_PROTOTYPES = YES;
				CLANG_WARN_SUSPICIOUS_MOVE = YES;
				CLANG_WARN_UNGUARDED_AVAILABILITY = YES_AGGRESSIVE;
				CLANG_WARN_UNREACHABLE_CODE = YES;
				CLANG_WARN__DUPLICATE_METHOD_MATCH = YES;
				COPY_PHASE_STRIP = NO;
				DEBUG_INFORMATION_FORMAT = "dwarf-with-dsym";
				ENABLE_NS_ASSERTIONS = NO;
				ENABLE_STRICT_OBJC_MSGSEND = YES;
				ENABLE_USER_SCRIPT_SANDBOXING = YES;
				GCC_C_LANGUAGE_STANDARD = gnu17;
				GCC_NO_COMMON_BLOCKS = YES;
				GCC_WARN_64_TO_32_BIT_CONVERSION = YES;
				GCC_WARN_ABOUT_RETURN_TYPE = YES_ERROR;
				GCC_WARN_UNDECLARED_SELECTOR = YES;
				GCC_WARN_UNINITIALIZED_AUTOS = YES_AGGRESSIVE;
				GCC_WARN_UNUSED_FUNCTION = YES;
				GCC_WARN_UNUSED_VARIABLE = YES;
				IPHONEOS_DEPLOYMENT_TARGET = 17.4;
				LOCALIZATION_PREFERS_STRING_CATALOGS = YES;
				MTL_ENABLE_DEBUG_INFO = NO;
				MTL_FAST_MATH = YES;
				SDKROOT = iphoneos;
				SWIFT_COMPILATION_MODE = wholemodule;
				VALIDATE_PRODUCT = YES;
			};
			name = Release;
		};
		B9E984C02C6146CC0001C03A /* Debug */ = {
			isa = XCBuildConfiguration;
			buildSettings = {
				ASSETCATALOG_COMPILER_APPICON_NAME = AppIcon;
				ASSETCATALOG_COMPILER_GLOBAL_ACCENT_COLOR_NAME = AccentColor;
				CODE_SIGN_STYLE = Automatic;
				CURRENT_PROJECT_VERSION = 1;
				DEVELOPMENT_TEAM = 525NQN8N76;
				GENERATE_INFOPLIST_FILE = YES;
				INFOPLIST_FILE = ImageFeed/Info.plist;
				INFOPLIST_KEY_CFBundleDisplayName = ImageFeed;
				INFOPLIST_KEY_UIApplicationSupportsIndirectInputEvents = YES;
				INFOPLIST_KEY_UILaunchStoryboardName = LaunchScreen;
				INFOPLIST_KEY_UIMainStoryboardFile = Main;
				INFOPLIST_KEY_UISupportedInterfaceOrientations = UIInterfaceOrientationPortrait;
				INFOPLIST_KEY_UISupportedInterfaceOrientations_iPad = UIInterfaceOrientationPortrait;
				IPHONEOS_DEPLOYMENT_TARGET = 18.0;
				LD_RUNPATH_SEARCH_PATHS = (
					"$(inherited)",
					"@executable_path/Frameworks",
				);
				MARKETING_VERSION = 1.0;
				PRODUCT_BUNDLE_IDENTIFIER = com.vazvonarev.ImageFeed;
				PRODUCT_NAME = "$(TARGET_NAME)";
				SUPPORTED_PLATFORMS = "iphoneos iphonesimulator";
				SUPPORTS_MACCATALYST = NO;
				SUPPORTS_MAC_DESIGNED_FOR_IPHONE_IPAD = NO;
				SUPPORTS_XR_DESIGNED_FOR_IPHONE_IPAD = NO;
				SWIFT_EMIT_LOC_STRINGS = YES;
				SWIFT_VERSION = 5.0;
				TARGETED_DEVICE_FAMILY = 1;
			};
			name = Debug;
		};
		B9E984C12C6146CC0001C03A /* Release */ = {
			isa = XCBuildConfiguration;
			buildSettings = {
				ASSETCATALOG_COMPILER_APPICON_NAME = AppIcon;
				ASSETCATALOG_COMPILER_GLOBAL_ACCENT_COLOR_NAME = AccentColor;
				CODE_SIGN_STYLE = Automatic;
				CURRENT_PROJECT_VERSION = 1;
				DEVELOPMENT_TEAM = 525NQN8N76;
				GENERATE_INFOPLIST_FILE = YES;
				INFOPLIST_FILE = ImageFeed/Info.plist;
				INFOPLIST_KEY_CFBundleDisplayName = ImageFeed;
				INFOPLIST_KEY_UIApplicationSupportsIndirectInputEvents = YES;
				INFOPLIST_KEY_UILaunchStoryboardName = LaunchScreen;
				INFOPLIST_KEY_UIMainStoryboardFile = Main;
				INFOPLIST_KEY_UISupportedInterfaceOrientations = UIInterfaceOrientationPortrait;
				INFOPLIST_KEY_UISupportedInterfaceOrientations_iPad = UIInterfaceOrientationPortrait;
				IPHONEOS_DEPLOYMENT_TARGET = 18.0;
				LD_RUNPATH_SEARCH_PATHS = (
					"$(inherited)",
					"@executable_path/Frameworks",
				);
				MARKETING_VERSION = 1.0;
				PRODUCT_BUNDLE_IDENTIFIER = com.vazvonarev.ImageFeed;
				PRODUCT_NAME = "$(TARGET_NAME)";
				SUPPORTED_PLATFORMS = "iphoneos iphonesimulator";
				SUPPORTS_MACCATALYST = NO;
				SUPPORTS_MAC_DESIGNED_FOR_IPHONE_IPAD = NO;
				SUPPORTS_XR_DESIGNED_FOR_IPHONE_IPAD = NO;
				SWIFT_EMIT_LOC_STRINGS = YES;
				SWIFT_VERSION = 5.0;
				TARGETED_DEVICE_FAMILY = 1;
			};
			name = Release;
		};
/* End XCBuildConfiguration section */

/* Begin XCConfigurationList section */
		B9AF9E972CB5C8D100B497E0 /* Build configuration list for PBXNativeTarget "ImageFeedTests" */ = {
			isa = XCConfigurationList;
			buildConfigurations = (
				B9AF9E952CB5C8D000B497E0 /* Debug */,
				B9AF9E962CB5C8D000B497E0 /* Release */,
			);
			defaultConfigurationIsVisible = 0;
			defaultConfigurationName = Release;
		};
		B9E984A62C6146CB0001C03A /* Build configuration list for PBXProject "ImageFeed" */ = {
			isa = XCConfigurationList;
			buildConfigurations = (
				B9E984BD2C6146CC0001C03A /* Debug */,
				B9E984BE2C6146CC0001C03A /* Release */,
			);
			defaultConfigurationIsVisible = 0;
			defaultConfigurationName = Release;
		};
		B9E984BF2C6146CC0001C03A /* Build configuration list for PBXNativeTarget "ImageFeed" */ = {
			isa = XCConfigurationList;
			buildConfigurations = (
				B9E984C02C6146CC0001C03A /* Debug */,
				B9E984C12C6146CC0001C03A /* Release */,
			);
			defaultConfigurationIsVisible = 0;
			defaultConfigurationName = Release;
		};
/* End XCConfigurationList section */

/* Begin XCRemoteSwiftPackageReference section */
		B90895B82C98D088006E5E23 /* XCRemoteSwiftPackageReference "ProgressHUD" */ = {
			isa = XCRemoteSwiftPackageReference;
			repositoryURL = "https://github.com/relatedcode/ProgressHUD";
			requirement = {
				kind = upToNextMajorVersion;
				minimumVersion = 14.1.3;
			};
		};
		B987E7472CA84FC500CC6BD8 /* XCRemoteSwiftPackageReference "Kingfisher" */ = {
			isa = XCRemoteSwiftPackageReference;
			repositoryURL = "https://github.com/onevcat/Kingfisher";
			requirement = {
				kind = exactVersion;
				version = 7.12.0;
			};
		};
		B987E74A2CA86AB100CC6BD8 /* XCRemoteSwiftPackageReference "SwiftKeychainWrapper" */ = {
			isa = XCRemoteSwiftPackageReference;
			repositoryURL = "https://github.com/jrendel/SwiftKeychainWrapper";
			requirement = {
				kind = upToNextMajorVersion;
				minimumVersion = 4.0.1;
			};
		};
/* End XCRemoteSwiftPackageReference section */

/* Begin XCSwiftPackageProductDependency section */
		B90895B92C98D088006E5E23 /* ProgressHUD */ = {
			isa = XCSwiftPackageProductDependency;
			package = B90895B82C98D088006E5E23 /* XCRemoteSwiftPackageReference "ProgressHUD" */;
			productName = ProgressHUD;
		};
		B987E7482CA84FC500CC6BD8 /* Kingfisher */ = {
			isa = XCSwiftPackageProductDependency;
			package = B987E7472CA84FC500CC6BD8 /* XCRemoteSwiftPackageReference "Kingfisher" */;
			productName = Kingfisher;
		};
		B987E74B2CA86AB100CC6BD8 /* SwiftKeychainWrapper */ = {
			isa = XCSwiftPackageProductDependency;
			package = B987E74A2CA86AB100CC6BD8 /* XCRemoteSwiftPackageReference "SwiftKeychainWrapper" */;
			productName = SwiftKeychainWrapper;
		};
/* End XCSwiftPackageProductDependency section */
	};
	rootObject = B9E984A32C6146CB0001C03A /* Project object */;
}
